
Microsoft Visual Studio Solution File, Format Version 12.00
# Visual Studio Version 17
VisualStudioVersion = 17.5.33516.290
MinimumVisualStudioVersion = 10.0.40219.1
Project("{9A19103F-16F7-4668-BE54-9A1E7A4F7556}") = "se347_be", "se214-be\se347_be.csproj", "{9030E5F7-2B4A-4F8D-8A52-4917BE8030A3}"
EndProject
Global
	GlobalSection(SolutionConfigurationPlatforms) = preSolution
		Debug|Any CPU = Debug|Any CPU
		Release|Any CPU = Release|Any CPU
	EndGlobalSection
	GlobalSection(ProjectConfigurationPlatforms) = postSolution
		{9030E5F7-2B4A-4F8D-8A52-4917BE8030A3}.Debug|Any CPU.ActiveCfg = Debug|Any CPU
		{9030E5F7-2B4A-4F8D-8A52-4917BE8030A3}.Debug|Any CPU.Build.0 = Debug|Any CPU
		{9030E5F7-2B4A-4F8D-8A52-4917BE8030A3}.Release|Any CPU.ActiveCfg = Release|Any CPU
		{9030E5F7-2B4A-4F8D-8A52-4917BE8030A3}.Release|Any CPU.Build.0 = Release|Any CPU
	EndGlobalSection
	GlobalSection(SolutionProperties) = preSolution
		HideSolutionNode = FALSE
	EndGlobalSection
	GlobalSection(ExtensibilityGlobals) = postSolution
		SolutionGuid = {C307840B-FB64-42EF-8C67-97822ECE3EBD}
	EndGlobalSection
EndGlobal
